
Microsoft Visual Studio Solution File, Format Version 12.00
# Visual Studio Version 17
VisualStudioVersion = 17.11.35327.3
MinimumVisualStudioVersion = 10.0.40219.1
Project("{2150E333-8FDC-42A3-9474-1A3956D46DE8}") = "Src", "Src", "{943F4346-E0D7-4094-8BD6-B8209BDE17F2}"
EndProject
Project("{2150E333-8FDC-42A3-9474-1A3956D46DE8}") = "Test", "Test", "{9CC4B347-D967-4FE6-AE41-746863B4ABDF}"
EndProject
Project("{9A19103F-16F7-4668-BE54-9A1E7A4F7556}") = "Web", "Src\Web\Web.csproj", "{9F320504-3FBB-4B36-AD62-2098FD61D8F9}"
EndProject
Project("{FAE04EC0-301F-11D3-BF4B-00C04F79EFBC}") = "Application", "Src\Application\Application.csproj", "{B3E0612E-C286-48D0-9362-7EE5EC10AB64}"
EndProject
Project("{FAE04EC0-301F-11D3-BF4B-00C04F79EFBC}") = "Domain", "Src\Domain\Domain.csproj", "{AE49A8EE-DB36-43CB-BC79-4F44ACD6BDE9}"
EndProject
Project("{FAE04EC0-301F-11D3-BF4B-00C04F79EFBC}") = "Infrastructure", "Src\Infrastructure\Infrastructure.csproj", "{FAFEE641-704A-4CC0-BFC8-3D56A18C2ECE}"
EndProject
Global
	GlobalSection(SolutionConfigurationPlatforms) = preSolution
		Debug|Any CPU = Debug|Any CPU
		Release|Any CPU = Release|Any CPU
	EndGlobalSection
	GlobalSection(ProjectConfigurationPlatforms) = postSolution
		{9F320504-3FBB-4B36-AD62-2098FD61D8F9}.Debug|Any CPU.ActiveCfg = Debug|Any CPU
		{9F320504-3FBB-4B36-AD62-2098FD61D8F9}.Debug|Any CPU.Build.0 = Debug|Any CPU
		{9F320504-3FBB-4B36-AD62-2098FD61D8F9}.Release|Any CPU.ActiveCfg = Release|Any CPU
		{9F320504-3FBB-4B36-AD62-2098FD61D8F9}.Release|Any CPU.Build.0 = Release|Any CPU
		{B3E0612E-C286-48D0-9362-7EE5EC10AB64}.Debug|Any CPU.ActiveCfg = Debug|Any CPU
		{B3E0612E-C286-48D0-9362-7EE5EC10AB64}.Debug|Any CPU.Build.0 = Debug|Any CPU
		{B3E0612E-C286-48D0-9362-7EE5EC10AB64}.Release|Any CPU.ActiveCfg = Release|Any CPU
		{B3E0612E-C286-48D0-9362-7EE5EC10AB64}.Release|Any CPU.Build.0 = Release|Any CPU
		{AE49A8EE-DB36-43CB-BC79-4F44ACD6BDE9}.Debug|Any CPU.ActiveCfg = Debug|Any CPU
		{AE49A8EE-DB36-43CB-BC79-4F44ACD6BDE9}.Debug|Any CPU.Build.0 = Debug|Any CPU
		{AE49A8EE-DB36-43CB-BC79-4F44ACD6BDE9}.Release|Any CPU.ActiveCfg = Release|Any CPU
		{AE49A8EE-DB36-43CB-BC79-4F44ACD6BDE9}.Release|Any CPU.Build.0 = Release|Any CPU
		{FAFEE641-704A-4CC0-BFC8-3D56A18C2ECE}.Debug|Any CPU.ActiveCfg = Debug|Any CPU
		{FAFEE641-704A-4CC0-BFC8-3D56A18C2ECE}.Debug|Any CPU.Build.0 = Debug|Any CPU
		{FAFEE641-704A-4CC0-BFC8-3D56A18C2ECE}.Release|Any CPU.ActiveCfg = Release|Any CPU
		{FAFEE641-704A-4CC0-BFC8-3D56A18C2ECE}.Release|Any CPU.Build.0 = Release|Any CPU
	EndGlobalSection
	GlobalSection(SolutionProperties) = preSolution
		HideSolutionNode = FALSE
	EndGlobalSection
	GlobalSection(NestedProjects) = preSolution
		{9F320504-3FBB-4B36-AD62-2098FD61D8F9} = {943F4346-E0D7-4094-8BD6-B8209BDE17F2}
		{B3E0612E-C286-48D0-9362-7EE5EC10AB64} = {943F4346-E0D7-4094-8BD6-B8209BDE17F2}
		{AE49A8EE-DB36-43CB-BC79-4F44ACD6BDE9} = {943F4346-E0D7-4094-8BD6-B8209BDE17F2}
		{FAFEE641-704A-4CC0-BFC8-3D56A18C2ECE} = {943F4346-E0D7-4094-8BD6-B8209BDE17F2}
	EndGlobalSection
	GlobalSection(ExtensibilityGlobals) = postSolution
		SolutionGuid = {8B5B69DE-0EA0-4FD9-934E-0B069BEC4E08}
	EndGlobalSection
EndGlobal
